// !$*UTF8*$!
{
	archiveVersion = 1;
	classes = {
	};
	objectVersion = 50;
	objects = {

/* Begin PBXBuildFile section */
		66E983D7253D924600070081 /* PayULoggerKit.framework in Frameworks */ = {isa = PBXBuildFile; fileRef = 66E983D5253D924600070081 /* PayULoggerKit.framework */; };
		66E983D8253D924600070081 /* PayULoggerKit.framework in Embed Frameworks */ = {isa = PBXBuildFile; fileRef = 66E983D5253D924600070081 /* PayULoggerKit.framework */; settings = {ATTRIBUTES = (CodeSignOnCopy, RemoveHeadersOnCopy, ); }; };
		66E983D9253D924600070081 /* PayUNetworkingKit.framework in Frameworks */ = {isa = PBXBuildFile; fileRef = 66E983D6253D924600070081 /* PayUNetworkingKit.framework */; };
		66E983DA253D924600070081 /* PayUNetworkingKit.framework in Embed Frameworks */ = {isa = PBXBuildFile; fileRef = 66E983D6253D924600070081 /* PayUNetworkingKit.framework */; settings = {ATTRIBUTES = (CodeSignOnCopy, RemoveHeadersOnCopy, ); }; };
		66E983DC253D9AAF00070081 /* PayUOlaMoneySDK.framework in Frameworks */ = {isa = PBXBuildFile; fileRef = 66E983DB253D9AAF00070081 /* PayUOlaMoneySDK.framework */; };
		66E983DD253D9AAF00070081 /* PayUOlaMoneySDK.framework in Embed Frameworks */ = {isa = PBXBuildFile; fileRef = 66E983DB253D9AAF00070081 /* PayUOlaMoneySDK.framework */; settings = {ATTRIBUTES = (CodeSignOnCopy, RemoveHeadersOnCopy, ); }; };
		CF77E4B923E0322C00CB1092 /* libz.tbd in Frameworks */ = {isa = PBXBuildFile; fileRef = CF77E4B823E0322C00CB1092 /* libz.tbd */; };
		CF9FE18E23D5C3DA001E94D0 /* AppDelegate.swift in Sources */ = {isa = PBXBuildFile; fileRef = CF9FE18D23D5C3DA001E94D0 /* AppDelegate.swift */; };
		CF9FE19023D5C3DA001E94D0 /* SceneDelegate.swift in Sources */ = {isa = PBXBuildFile; fileRef = CF9FE18F23D5C3DA001E94D0 /* SceneDelegate.swift */; };
		CF9FE19223D5C3DA001E94D0 /* ViewController.swift in Sources */ = {isa = PBXBuildFile; fileRef = CF9FE19123D5C3DA001E94D0 /* ViewController.swift */; };
		CF9FE19523D5C3DA001E94D0 /* Main.storyboard in Resources */ = {isa = PBXBuildFile; fileRef = CF9FE19323D5C3DA001E94D0 /* Main.storyboard */; };
		CF9FE19723D5C3DC001E94D0 /* Assets.xcassets in Resources */ = {isa = PBXBuildFile; fileRef = CF9FE19623D5C3DC001E94D0 /* Assets.xcassets */; };
		CF9FE19A23D5C3DC001E94D0 /* LaunchScreen.storyboard in Resources */ = {isa = PBXBuildFile; fileRef = CF9FE19823D5C3DC001E94D0 /* LaunchScreen.storyboard */; };
		CF9FE21E23DB1780001E94D0 /* APIManager.swift in Sources */ = {isa = PBXBuildFile; fileRef = CF9FE21D23DB1780001E94D0 /* APIManager.swift */; };
		CFC9852223EC26930039493F /* PayUCustomBrowser.framework in Frameworks */ = {isa = PBXBuildFile; fileRef = CFC9851A23EC26170039493F /* PayUCustomBrowser.framework */; };
		CFC9852323EC26930039493F /* PayUCustomBrowser.framework in Embed Frameworks */ = {isa = PBXBuildFile; fileRef = CFC9851A23EC26170039493F /* PayUCustomBrowser.framework */; settings = {ATTRIBUTES = (CodeSignOnCopy, RemoveHeadersOnCopy, ); }; };
/* End PBXBuildFile section */

/* Begin PBXCopyFilesBuildPhase section */
		CF9FE1AB23D5C4A9001E94D0 /* Embed Frameworks */ = {
			isa = PBXCopyFilesBuildPhase;
			buildActionMask = 2147483647;
			dstPath = "";
			dstSubfolderSpec = 10;
			files = (
				CFC9852323EC26930039493F /* PayUCustomBrowser.framework in Embed Frameworks */,
				66E983DA253D924600070081 /* PayUNetworkingKit.framework in Embed Frameworks */,
				66E983DD253D9AAF00070081 /* PayUOlaMoneySDK.framework in Embed Frameworks */,
				66E983D8253D924600070081 /* PayULoggerKit.framework in Embed Frameworks */,
			);
			name = "Embed Frameworks";
			runOnlyForDeploymentPostprocessing = 0;
		};
/* End PBXCopyFilesBuildPhase section */

/* Begin PBXFileReference section */
		33996C9569A47536505211B0 /* Pods_OlaMoneySampleApp.framework */ = {isa = PBXFileReference; explicitFileType = wrapper.framework; includeInIndex = 0; path = Pods_OlaMoneySampleApp.framework; sourceTree = BUILT_PRODUCTS_DIR; };
		66E983D5253D924600070081 /* PayULoggerKit.framework */ = {isa = PBXFileReference; lastKnownFileType = wrapper.framework; name = PayULoggerKit.framework; path = ../Dependencies/PayULoggerKit.framework; sourceTree = "<group>"; };
		66E983D6253D924600070081 /* PayUNetworkingKit.framework */ = {isa = PBXFileReference; lastKnownFileType = wrapper.framework; name = PayUNetworkingKit.framework; path = ../Dependencies/PayUNetworkingKit.framework; sourceTree = "<group>"; };
		66E983DB253D9AAF00070081 /* PayUOlaMoneySDK.framework */ = {isa = PBXFileReference; lastKnownFileType = wrapper.framework; name = PayUOlaMoneySDK.framework; path = ../Framework/PayUOlaMoneySDK.framework; sourceTree = "<group>"; };
		CF77E4B523E0312700CB1092 /* OlaMoneySampleApp-Bridging-Header.h */ = {isa = PBXFileReference; lastKnownFileType = sourcecode.c.h; path = "OlaMoneySampleApp-Bridging-Header.h"; sourceTree = "<group>"; };
		CF77E4B823E0322C00CB1092 /* libz.tbd */ = {isa = PBXFileReference; lastKnownFileType = "sourcecode.text-based-dylib-definition"; name = libz.tbd; path = usr/lib/libz.tbd; sourceTree = SDKROOT; };
		CF9FE18A23D5C3DA001E94D0 /* OlaMoneySampleApp.app */ = {isa = PBXFileReference; explicitFileType = wrapper.application; includeInIndex = 0; path = OlaMoneySampleApp.app; sourceTree = BUILT_PRODUCTS_DIR; };
		CF9FE18D23D5C3DA001E94D0 /* AppDelegate.swift */ = {isa = PBXFileReference; lastKnownFileType = sourcecode.swift; path = AppDelegate.swift; sourceTree = "<group>"; };
		CF9FE18F23D5C3DA001E94D0 /* SceneDelegate.swift */ = {isa = PBXFileReference; lastKnownFileType = sourcecode.swift; path = SceneDelegate.swift; sourceTree = "<group>"; };
		CF9FE19123D5C3DA001E94D0 /* ViewController.swift */ = {isa = PBXFileReference; lastKnownFileType = sourcecode.swift; path = ViewController.swift; sourceTree = "<group>"; };
		CF9FE19423D5C3DA001E94D0 /* Base */ = {isa = PBXFileReference; lastKnownFileType = file.storyboard; name = Base; path = Base.lproj/Main.storyboard; sourceTree = "<group>"; };
		CF9FE19623D5C3DC001E94D0 /* Assets.xcassets */ = {isa = PBXFileReference; lastKnownFileType = folder.assetcatalog; path = Assets.xcassets; sourceTree = "<group>"; };
		CF9FE19923D5C3DC001E94D0 /* Base */ = {isa = PBXFileReference; lastKnownFileType = file.storyboard; name = Base; path = Base.lproj/LaunchScreen.storyboard; sourceTree = "<group>"; };
		CF9FE19B23D5C3DC001E94D0 /* Info.plist */ = {isa = PBXFileReference; lastKnownFileType = text.plist.xml; path = Info.plist; sourceTree = "<group>"; };
		CF9FE1A823D5C4A8001E94D0 /* payu_olaMoney_ios_sdk.framework */ = {isa = PBXFileReference; explicitFileType = wrapper.framework; path = payu_olaMoney_ios_sdk.framework; sourceTree = BUILT_PRODUCTS_DIR; };
		CF9FE21D23DB1780001E94D0 /* APIManager.swift */ = {isa = PBXFileReference; lastKnownFileType = sourcecode.swift; path = APIManager.swift; sourceTree = "<group>"; };
		CFC9851A23EC26170039493F /* PayUCustomBrowser.framework */ = {isa = PBXFileReference; lastKnownFileType = wrapper.framework; name = PayUCustomBrowser.framework; path = ../../Dependencies/PayUCustomBrowser.framework; sourceTree = "<group>"; };
/* End PBXFileReference section */

/* Begin PBXFrameworksBuildPhase section */
		CF9FE18723D5C3DA001E94D0 /* Frameworks */ = {
			isa = PBXFrameworksBuildPhase;
			buildActionMask = 2147483647;
			files = (
				CF77E4B923E0322C00CB1092 /* libz.tbd in Frameworks */,
				66E983D7253D924600070081 /* PayULoggerKit.framework in Frameworks */,
				66E983DC253D9AAF00070081 /* PayUOlaMoneySDK.framework in Frameworks */,
				CFC9852223EC26930039493F /* PayUCustomBrowser.framework in Frameworks */,
				66E983D9253D924600070081 /* PayUNetworkingKit.framework in Frameworks */,
			);
			runOnlyForDeploymentPostprocessing = 0;
		};
/* End PBXFrameworksBuildPhase section */

/* Begin PBXGroup section */
		CF9FE18123D5C3DA001E94D0 = {
			isa = PBXGroup;
			children = (
				CF9FE18C23D5C3DA001E94D0 /* OlaMoneySampleApp */,
				CF9FE18B23D5C3DA001E94D0 /* Products */,
				CF9FE1A723D5C4A8001E94D0 /* Frameworks */,
				CF77E4B523E0312700CB1092 /* OlaMoneySampleApp-Bridging-Header.h */,
			);
			sourceTree = "<group>";
		};
		CF9FE18B23D5C3DA001E94D0 /* Products */ = {
			isa = PBXGroup;
			children = (
				CF9FE18A23D5C3DA001E94D0 /* OlaMoneySampleApp.app */,
			);
			name = Products;
			sourceTree = "<group>";
		};
		CF9FE18C23D5C3DA001E94D0 /* OlaMoneySampleApp */ = {
			isa = PBXGroup;
			children = (
				CFC9851A23EC26170039493F /* PayUCustomBrowser.framework */,
				CF9FE21C23DB176C001E94D0 /* Networking */,
				CF9FE18D23D5C3DA001E94D0 /* AppDelegate.swift */,
				CF9FE18F23D5C3DA001E94D0 /* SceneDelegate.swift */,
				CF9FE19123D5C3DA001E94D0 /* ViewController.swift */,
				CF9FE19323D5C3DA001E94D0 /* Main.storyboard */,
				CF9FE19623D5C3DC001E94D0 /* Assets.xcassets */,
				CF9FE19823D5C3DC001E94D0 /* LaunchScreen.storyboard */,
				CF9FE19B23D5C3DC001E94D0 /* Info.plist */,
			);
			path = OlaMoneySampleApp;
			sourceTree = "<group>";
		};
		CF9FE1A723D5C4A8001E94D0 /* Frameworks */ = {
			isa = PBXGroup;
			children = (
				66E983DB253D9AAF00070081 /* PayUOlaMoneySDK.framework */,
				66E983D5253D924600070081 /* PayULoggerKit.framework */,
				66E983D6253D924600070081 /* PayUNetworkingKit.framework */,
				CF77E4B823E0322C00CB1092 /* libz.tbd */,
				CF9FE1A823D5C4A8001E94D0 /* payu_olaMoney_ios_sdk.framework */,
				33996C9569A47536505211B0 /* Pods_OlaMoneySampleApp.framework */,
			);
			name = Frameworks;
			sourceTree = "<group>";
		};
		CF9FE21C23DB176C001E94D0 /* Networking */ = {
			isa = PBXGroup;
			children = (
				CF9FE21D23DB1780001E94D0 /* APIManager.swift */,
			);
			path = Networking;
			sourceTree = "<group>";
		};
/* End PBXGroup section */

/* Begin PBXNativeTarget section */
		CF9FE18923D5C3DA001E94D0 /* OlaMoneySampleApp */ = {
			isa = PBXNativeTarget;
			buildConfigurationList = CF9FE19E23D5C3DC001E94D0 /* Build configuration list for PBXNativeTarget "OlaMoneySampleApp" */;
			buildPhases = (
				CF9FE18623D5C3DA001E94D0 /* Sources */,
				CF9FE18723D5C3DA001E94D0 /* Frameworks */,
				CF9FE18823D5C3DA001E94D0 /* Resources */,
				CF9FE1AB23D5C4A9001E94D0 /* Embed Frameworks */,
			);
			buildRules = (
			);
			dependencies = (
			);
			name = OlaMoneySampleApp;
			productName = OlaMoneySampleApp;
			productReference = CF9FE18A23D5C3DA001E94D0 /* OlaMoneySampleApp.app */;
			productType = "com.apple.product-type.application";
		};
/* End PBXNativeTarget section */

/* Begin PBXProject section */
		CF9FE18223D5C3DA001E94D0 /* Project object */ = {
			isa = PBXProject;
			attributes = {
				LastSwiftUpdateCheck = 1110;
				LastUpgradeCheck = 1110;
				ORGANIZATIONNAME = PayU;
				TargetAttributes = {
					CF9FE18923D5C3DA001E94D0 = {
						CreatedOnToolsVersion = 11.1;
						LastSwiftMigration = 1110;
					};
				};
			};
			buildConfigurationList = CF9FE18523D5C3DA001E94D0 /* Build configuration list for PBXProject "OlaMoneySampleApp" */;
			compatibilityVersion = "Xcode 9.3";
			developmentRegion = en;
			hasScannedForEncodings = 0;
			knownRegions = (
				en,
				Base,
			);
			mainGroup = CF9FE18123D5C3DA001E94D0;
			productRefGroup = CF9FE18B23D5C3DA001E94D0 /* Products */;
			projectDirPath = "";
			projectRoot = "";
			targets = (
				CF9FE18923D5C3DA001E94D0 /* OlaMoneySampleApp */,
			);
		};
/* End PBXProject section */

/* Begin PBXResourcesBuildPhase section */
		CF9FE18823D5C3DA001E94D0 /* Resources */ = {
			isa = PBXResourcesBuildPhase;
			buildActionMask = 2147483647;
			files = (
				CF9FE19A23D5C3DC001E94D0 /* LaunchScreen.storyboard in Resources */,
				CF9FE19723D5C3DC001E94D0 /* Assets.xcassets in Resources */,
				CF9FE19523D5C3DA001E94D0 /* Main.storyboard in Resources */,
			);
			runOnlyForDeploymentPostprocessing = 0;
		};
/* End PBXResourcesBuildPhase section */

/* Begin PBXSourcesBuildPhase section */
		CF9FE18623D5C3DA001E94D0 /* Sources */ = {
			isa = PBXSourcesBuildPhase;
			buildActionMask = 2147483647;
			files = (
				CF9FE21E23DB1780001E94D0 /* APIManager.swift in Sources */,
				CF9FE19223D5C3DA001E94D0 /* ViewController.swift in Sources */,
				CF9FE18E23D5C3DA001E94D0 /* AppDelegate.swift in Sources */,
				CF9FE19023D5C3DA001E94D0 /* SceneDelegate.swift in Sources */,
			);
			runOnlyForDeploymentPostprocessing = 0;
		};
/* End PBXSourcesBuildPhase section */

/* Begin PBXVariantGroup section */
		CF9FE19323D5C3DA001E94D0 /* Main.storyboard */ = {
			isa = PBXVariantGroup;
			children = (
				CF9FE19423D5C3DA001E94D0 /* Base */,
			);
			name = Main.storyboard;
			sourceTree = "<group>";
		};
		CF9FE19823D5C3DC001E94D0 /* LaunchScreen.storyboard */ = {
			isa = PBXVariantGroup;
			children = (
				CF9FE19923D5C3DC001E94D0 /* Base */,
			);
			name = LaunchScreen.storyboard;
			sourceTree = "<group>";
		};
/* End PBXVariantGroup section */

/* Begin XCBuildConfiguration section */
		CF9FE19C23D5C3DC001E94D0 /* Debug */ = {
			isa = XCBuildConfiguration;
			buildSettings = {
				ALWAYS_SEARCH_USER_PATHS = NO;
				CLANG_ANALYZER_NONNULL = YES;
				CLANG_ANALYZER_NUMBER_OBJECT_CONVERSION = YES_AGGRESSIVE;
				CLANG_CXX_LANGUAGE_STANDARD = "gnu++14";
				CLANG_CXX_LIBRARY = "libc++";
				CLANG_ENABLE_MODULES = YES;
				CLANG_ENABLE_OBJC_ARC = YES;
				CLANG_ENABLE_OBJC_WEAK = YES;
				CLANG_WARN_BLOCK_CAPTURE_AUTORELEASING = YES;
				CLANG_WARN_BOOL_CONVERSION = YES;
				CLANG_WARN_COMMA = YES;
				CLANG_WARN_CONSTANT_CONVERSION = YES;
				CLANG_WARN_DEPRECATED_OBJC_IMPLEMENTATIONS = YES;
				CLANG_WARN_DIRECT_OBJC_ISA_USAGE = YES_ERROR;
				CLANG_WARN_DOCUMENTATION_COMMENTS = YES;
				CLANG_WARN_EMPTY_BODY = YES;
				CLANG_WARN_ENUM_CONVERSION = YES;
				CLANG_WARN_INFINITE_RECURSION = YES;
				CLANG_WARN_INT_CONVERSION = YES;
				CLANG_WARN_NON_LITERAL_NULL_CONVERSION = YES;
				CLANG_WARN_OBJC_IMPLICIT_RETAIN_SELF = YES;
				CLANG_WARN_OBJC_LITERAL_CONVERSION = YES;
				CLANG_WARN_OBJC_ROOT_CLASS = YES_ERROR;
				CLANG_WARN_RANGE_LOOP_ANALYSIS = YES;
				CLANG_WARN_STRICT_PROTOTYPES = YES;
				CLANG_WARN_SUSPICIOUS_MOVE = YES;
				CLANG_WARN_UNGUARDED_AVAILABILITY = YES_AGGRESSIVE;
				CLANG_WARN_UNREACHABLE_CODE = YES;
				CLANG_WARN__DUPLICATE_METHOD_MATCH = YES;
				COPY_PHASE_STRIP = NO;
				DEBUG_INFORMATION_FORMAT = dwarf;
				ENABLE_STRICT_OBJC_MSGSEND = YES;
				ENABLE_TESTABILITY = YES;
				GCC_C_LANGUAGE_STANDARD = gnu11;
				GCC_DYNAMIC_NO_PIC = NO;
				GCC_NO_COMMON_BLOCKS = YES;
				GCC_OPTIMIZATION_LEVEL = 0;
				GCC_PREPROCESSOR_DEFINITIONS = (
					"DEBUG=1",
					"$(inherited)",
				);
				GCC_WARN_64_TO_32_BIT_CONVERSION = YES;
				GCC_WARN_ABOUT_RETURN_TYPE = YES_ERROR;
				GCC_WARN_UNDECLARED_SELECTOR = YES;
				GCC_WARN_UNINITIALIZED_AUTOS = YES_AGGRESSIVE;
				GCC_WARN_UNUSED_FUNCTION = YES;
				GCC_WARN_UNUSED_VARIABLE = YES;
				IPHONEOS_DEPLOYMENT_TARGET = 10.0;
				MTL_ENABLE_DEBUG_INFO = INCLUDE_SOURCE;
				MTL_FAST_MATH = YES;
				ONLY_ACTIVE_ARCH = YES;
				SDKROOT = iphoneos;
				SWIFT_ACTIVE_COMPILATION_CONDITIONS = DEBUG;
				SWIFT_OPTIMIZATION_LEVEL = "-Onone";
			};
			name = Debug;
		};
		CF9FE19D23D5C3DC001E94D0 /* Release */ = {
			isa = XCBuildConfiguration;
			buildSettings = {
				ALWAYS_SEARCH_USER_PATHS = NO;
				CLANG_ANALYZER_NONNULL = YES;
				CLANG_ANALYZER_NUMBER_OBJECT_CONVERSION = YES_AGGRESSIVE;
				CLANG_CXX_LANGUAGE_STANDARD = "gnu++14";
				CLANG_CXX_LIBRARY = "libc++";
				CLANG_ENABLE_MODULES = YES;
				CLANG_ENABLE_OBJC_ARC = YES;
				CLANG_ENABLE_OBJC_WEAK = YES;
				CLANG_WARN_BLOCK_CAPTURE_AUTORELEASING = YES;
				CLANG_WARN_BOOL_CONVERSION = YES;
				CLANG_WARN_COMMA = YES;
				CLANG_WARN_CONSTANT_CONVERSION = YES;
				CLANG_WARN_DEPRECATED_OBJC_IMPLEMENTATIONS = YES;
				CLANG_WARN_DIRECT_OBJC_ISA_USAGE = YES_ERROR;
				CLANG_WARN_DOCUMENTATION_COMMENTS = YES;
				CLANG_WARN_EMPTY_BODY = YES;
				CLANG_WARN_ENUM_CONVERSION = YES;
				CLANG_WARN_INFINITE_RECURSION = YES;
				CLANG_WARN_INT_CONVERSION = YES;
				CLANG_WARN_NON_LITERAL_NULL_CONVERSION = YES;
				CLANG_WARN_OBJC_IMPLICIT_RETAIN_SELF = YES;
				CLANG_WARN_OBJC_LITERAL_CONVERSION = YES;
				CLANG_WARN_OBJC_ROOT_CLASS = YES_ERROR;
				CLANG_WARN_RANGE_LOOP_ANALYSIS = YES;
				CLANG_WARN_STRICT_PROTOTYPES = YES;
				CLANG_WARN_SUSPICIOUS_MOVE = YES;
				CLANG_WARN_UNGUARDED_AVAILABILITY = YES_AGGRESSIVE;
				CLANG_WARN_UNREACHABLE_CODE = YES;
				CLANG_WARN__DUPLICATE_METHOD_MATCH = YES;
				COPY_PHASE_STRIP = NO;
				DEBUG_INFORMATION_FORMAT = "dwarf-with-dsym";
				ENABLE_NS_ASSERTIONS = NO;
				ENABLE_STRICT_OBJC_MSGSEND = YES;
				GCC_C_LANGUAGE_STANDARD = gnu11;
				GCC_NO_COMMON_BLOCKS = YES;
				GCC_WARN_64_TO_32_BIT_CONVERSION = YES;
				GCC_WARN_ABOUT_RETURN_TYPE = YES_ERROR;
				GCC_WARN_UNDECLARED_SELECTOR = YES;
				GCC_WARN_UNINITIALIZED_AUTOS = YES_AGGRESSIVE;
				GCC_WARN_UNUSED_FUNCTION = YES;
				GCC_WARN_UNUSED_VARIABLE = YES;
				IPHONEOS_DEPLOYMENT_TARGET = 10.0;
				MTL_ENABLE_DEBUG_INFO = NO;
				MTL_FAST_MATH = YES;
				SDKROOT = iphoneos;
				SWIFT_COMPILATION_MODE = wholemodule;
				SWIFT_OPTIMIZATION_LEVEL = "-O";
				VALIDATE_PRODUCT = YES;
			};
			name = Release;
		};
		CF9FE19F23D5C3DC001E94D0 /* Debug */ = {
			isa = XCBuildConfiguration;
			buildSettings = {
				ASSETCATALOG_COMPILER_APPICON_NAME = AppIcon;
				BUILD_LIBRARY_FOR_DISTRIBUTION = NO;
				CLANG_ENABLE_MODULES = YES;
				CODE_SIGN_STYLE = Automatic;
				DEVELOPMENT_TEAM = 3T2M5UN5C5;
				FRAMEWORK_SEARCH_PATHS = (
					"$(inherited)",
					"\"$(SRCROOT)/../Framework\"",
					"\"$(SRCROOT)/../Dependencies\"",
				);
				INFOPLIST_FILE = OlaMoneySampleApp/Info.plist;
				IPHONEOS_DEPLOYMENT_TARGET = 10.0;
				LD_RUNPATH_SEARCH_PATHS = (
					"$(inherited)",
					"@executable_path/Frameworks",
				);
				PRODUCT_BUNDLE_IDENTIFIER = in.PayU.OlaMoneySampleApp;
				PRODUCT_NAME = "$(TARGET_NAME)";
				SWIFT_OPTIMIZATION_LEVEL = "-Onone";
				SWIFT_VERSION = 5.0;
				TARGETED_DEVICE_FAMILY = "1,2";
			};
			name = Debug;
		};
		CF9FE1A023D5C3DC001E94D0 /* Release */ = {
			isa = XCBuildConfiguration;
			buildSettings = {
				ASSETCATALOG_COMPILER_APPICON_NAME = AppIcon;
				BUILD_LIBRARY_FOR_DISTRIBUTION = NO;
				CLANG_ENABLE_MODULES = YES;
				CODE_SIGN_STYLE = Automatic;
				DEVELOPMENT_TEAM = 3T2M5UN5C5;
				FRAMEWORK_SEARCH_PATHS = (
					"$(inherited)",
					"\"$(SRCROOT)/../Framework\"",
					"\"$(SRCROOT)/../Dependencies\"",
				);
				INFOPLIST_FILE = OlaMoneySampleApp/Info.plist;
				IPHONEOS_DEPLOYMENT_TARGET = 10.0;
				LD_RUNPATH_SEARCH_PATHS = (
					"$(inherited)",
					"@executable_path/Frameworks",
				);
				PRODUCT_BUNDLE_IDENTIFIER = in.PayU.OlaMoneySampleApp;
				PRODUCT_NAME = "$(TARGET_NAME)";
				SWIFT_VERSION = 5.0;
				TARGETED_DEVICE_FAMILY = "1,2";
			};
			name = Release;
		};
/* End XCBuildConfiguration section */

/* Begin XCConfigurationList section */
		CF9FE18523D5C3DA001E94D0 /* Build configuration list for PBXProject "OlaMoneySampleApp" */ = {
			isa = XCConfigurationList;
			buildConfigurations = (
				CF9FE19C23D5C3DC001E94D0 /* Debug */,
				CF9FE19D23D5C3DC001E94D0 /* Release */,
			);
			defaultConfigurationIsVisible = 0;
			defaultConfigurationName = Release;
		};
		CF9FE19E23D5C3DC001E94D0 /* Build configuration list for PBXNativeTarget "OlaMoneySampleApp" */ = {
			isa = XCConfigurationList;
			buildConfigurations = (
				CF9FE19F23D5C3DC001E94D0 /* Debug */,
				CF9FE1A023D5C3DC001E94D0 /* Release */,
			);
			defaultConfigurationIsVisible = 0;
			defaultConfigurationName = Release;
		};
/* End XCConfigurationList section */
	};
	rootObject = CF9FE18223D5C3DA001E94D0 /* Project object */;
}
